
Microsoft Visual Studio Solution File, Format Version 12.00
# Visual Studio Version 17
VisualStudioVersion = 17.0.31717.71
MinimumVisualStudioVersion = 10.0.40219.1
Project("{9A19103F-16F7-4668-BE54-9A1E7A4F7556}") = "ConicSectionPlayground", "ConicSectionPlayground\ConicSectionPlayground.csproj", "{35529700-5DC1-493D-A7C1-0644589AEB9B}"
EndProject
Project("{2150E333-8FDC-42A3-9474-1A3956D46DE8}") = "Solution Items", "Solution Items", "{07D9F071-9BBB-4086-B4B7-319839C302CA}"
	ProjectSection(SolutionItems) = preProject
		.editorconfig = .editorconfig
		.gitignore = .gitignore
		LICENSE.md = LICENSE.md
		README.md = README.md
	EndProjectSection
EndProject
Project("{9A19103F-16F7-4668-BE54-9A1E7A4F7556}") = "ConicSectionLibrary", "ConicSectionLibrary\ConicSectionLibrary.csproj", "{78689DE1-1F7C-4A6D-8D7E-1C08B8C76476}"
EndProject
Global
	GlobalSection(SolutionConfigurationPlatforms) = preSolution
		Debug|Any CPU = Debug|Any CPU
		Release|Any CPU = Release|Any CPU
	EndGlobalSection
	GlobalSection(ProjectConfigurationPlatforms) = postSolution
		{35529700-5DC1-493D-A7C1-0644589AEB9B}.Debug|Any CPU.ActiveCfg = Debug|Any CPU
		{35529700-5DC1-493D-A7C1-0644589AEB9B}.Debug|Any CPU.Build.0 = Debug|Any CPU
		{35529700-5DC1-493D-A7C1-0644589AEB9B}.Release|Any CPU.ActiveCfg = Release|Any CPU
		{35529700-5DC1-493D-A7C1-0644589AEB9B}.Release|Any CPU.Build.0 = Release|Any CPU
		{78689DE1-1F7C-4A6D-8D7E-1C08B8C76476}.Debug|Any CPU.ActiveCfg = Debug|Any CPU
		{78689DE1-1F7C-4A6D-8D7E-1C08B8C76476}.Debug|Any CPU.Build.0 = Debug|Any CPU
		{78689DE1-1F7C-4A6D-8D7E-1C08B8C76476}.Release|Any CPU.ActiveCfg = Release|Any CPU
		{78689DE1-1F7C-4A6D-8D7E-1C08B8C76476}.Release|Any CPU.Build.0 = Release|Any CPU
	EndGlobalSection
	GlobalSection(SolutionProperties) = preSolution
		HideSolutionNode = FALSE
	EndGlobalSection
	GlobalSection(ExtensibilityGlobals) = postSolution
		SolutionGuid = {A0DE8E0E-EA23-42C4-B705-BA7D64B8973F}
	EndGlobalSection
EndGlobal
